
Microsoft Visual Studio Solution File, Format Version 12.00
# Visual Studio Version 16
VisualStudioVersion = 16.0.29318.209
MinimumVisualStudioVersion = 10.0.40219.1
Project("{FAE04EC0-301F-11D3-BF4B-00C04F79EFBC}") = "Raffle_Bundle", "Raffle_Bundle.csproj", "{3DB8E9C1-51BC-490D-8172-8916FBB3B16B}"
EndProject
Global
	GlobalSection(SolutionConfigurationPlatforms) = preSolution
		Debug|Any CPU = Debug|Any CPU
		Release|Any CPU = Release|Any CPU
	EndGlobalSection
	GlobalSection(ProjectConfigurationPlatforms) = postSolution
		{3DB8E9C1-51BC-490D-8172-8916FBB3B16B}.Debug|Any CPU.ActiveCfg = Debug|Any CPU
		{3DB8E9C1-51BC-490D-8172-8916FBB3B16B}.Debug|Any CPU.Build.0 = Debug|Any CPU
		{3DB8E9C1-51BC-490D-8172-8916FBB3B16B}.Release|Any CPU.ActiveCfg = Release|Any CPU
		{3DB8E9C1-51BC-490D-8172-8916FBB3B16B}.Release|Any CPU.Build.0 = Release|Any CPU
	EndGlobalSection
	GlobalSection(SolutionProperties) = preSolution
		HideSolutionNode = FALSE
	EndGlobalSection
	GlobalSection(ExtensibilityGlobals) = postSolution
		SolutionGuid = {DBEC87E1-5D19-4D29-B0F6-F2F7F1F475D1}
	EndGlobalSection
EndGlobal
